
Microsoft Visual Studio Solution File, Format Version 12.00
# Visual Studio 2013
VisualStudioVersion = 12.0.30723.0
MinimumVisualStudioVersion = 10.0.40219.1
Project("{FAE04EC0-301F-11D3-BF4B-00C04F79EFBC}") = "WpfApplicationPacMan", "WpfApplicationPacMan\WpfApplicationPacMan.csproj", "{3711D420-22D4-42FF-A64F-C94188CDAFBF}"
EndProject
Project("{FAE04EC0-301F-11D3-BF4B-00C04F79EFBC}") = "Blinky", "Blinky\Blinky.csproj", "{3461FA85-536D-40AF-800A-5AAAE1558A2A}"
EndProject
Project("{FAE04EC0-301F-11D3-BF4B-00C04F79EFBC}") = "Inky", "Inly\Inky.csproj", "{8436AF7E-7AF6-4516-B43D-F2BEAFC3B4E2}"
EndProject
Global
	GlobalSection(SolutionConfigurationPlatforms) = preSolution
		Debug|Any CPU = Debug|Any CPU
		Release|Any CPU = Release|Any CPU
	EndGlobalSection
	GlobalSection(ProjectConfigurationPlatforms) = postSolution
		{3711D420-22D4-42FF-A64F-C94188CDAFBF}.Debug|Any CPU.ActiveCfg = Debug|Any CPU
		{3711D420-22D4-42FF-A64F-C94188CDAFBF}.Debug|Any CPU.Build.0 = Debug|Any CPU
		{3711D420-22D4-42FF-A64F-C94188CDAFBF}.Release|Any CPU.ActiveCfg = Release|Any CPU
		{3711D420-22D4-42FF-A64F-C94188CDAFBF}.Release|Any CPU.Build.0 = Release|Any CPU
		{3461FA85-536D-40AF-800A-5AAAE1558A2A}.Debug|Any CPU.ActiveCfg = Debug|Any CPU
		{3461FA85-536D-40AF-800A-5AAAE1558A2A}.Debug|Any CPU.Build.0 = Debug|Any CPU
		{3461FA85-536D-40AF-800A-5AAAE1558A2A}.Release|Any CPU.ActiveCfg = Release|Any CPU
		{3461FA85-536D-40AF-800A-5AAAE1558A2A}.Release|Any CPU.Build.0 = Release|Any CPU
		{8436AF7E-7AF6-4516-B43D-F2BEAFC3B4E2}.Debug|Any CPU.ActiveCfg = Debug|Any CPU
		{8436AF7E-7AF6-4516-B43D-F2BEAFC3B4E2}.Debug|Any CPU.Build.0 = Debug|Any CPU
		{8436AF7E-7AF6-4516-B43D-F2BEAFC3B4E2}.Release|Any CPU.ActiveCfg = Release|Any CPU
		{8436AF7E-7AF6-4516-B43D-F2BEAFC3B4E2}.Release|Any CPU.Build.0 = Release|Any CPU
	EndGlobalSection
	GlobalSection(SolutionProperties) = preSolution
		HideSolutionNode = FALSE
	EndGlobalSection
EndGlobal
