
Microsoft Visual Studio Solution File, Format Version 12.00
# Visual Studio 2013
VisualStudioVersion = 12.0.31101.0
MinimumVisualStudioVersion = 10.0.40219.1
Project("{8BC9CEB8-8B4A-11D0-8D11-00A0C91BC942}") = "lab1", "lab1\lab1.vcxproj", "{0B6E487F-06A1-42FC-A67B-57129CB03F9A}"
EndProject
Project("{8BC9CEB8-8B4A-11D0-8D11-00A0C91BC942}") = "lab2", "lab2\lab2.vcxproj", "{8110A091-7B2D-422F-A936-F00160609241}"
EndProject
Project("{8BC9CEB8-8B4A-11D0-8D11-00A0C91BC942}") = "lab3", "lab3\lab3.vcxproj", "{CC37EE9A-7910-4B08-8042-AA98BB6C8D01}"
EndProject
Project("{8BC9CEB8-8B4A-11D0-8D11-00A0C91BC942}") = "lab6", "lab6\lab6.vcxproj", "{0A478BAC-60B4-4BCA-8E84-1C810F513EBF}"
EndProject
Project("{8BC9CEB8-8B4A-11D0-8D11-00A0C91BC942}") = "lab4", "lab4\lab4.vcxproj", "{160858EB-8EA7-4567-B643-87E954B28BFA}"
EndProject
Project("{8BC9CEB8-8B4A-11D0-8D11-00A0C91BC942}") = "lab5", "lab5\lab5.vcxproj", "{3AA88B11-B9C2-4FF4-8002-772EC27EC597}"
EndProject
Project("{8BC9CEB8-8B4A-11D0-8D11-00A0C91BC942}") = "lab7", "lab7\lab7.vcxproj", "{39C34A64-BCDA-403F-998E-495026B9FD3F}"
EndProject
Project("{8BC9CEB8-8B4A-11D0-8D11-00A0C91BC942}") = "lab8", "lab8\lab8.vcxproj", "{C22C0812-BB12-41C8-8E2A-EB7F97BA137E}"
EndProject
Global
	GlobalSection(SolutionConfigurationPlatforms) = preSolution
		Debug|Win32 = Debug|Win32
		Release|Win32 = Release|Win32
	EndGlobalSection
	GlobalSection(ProjectConfigurationPlatforms) = postSolution
		{0B6E487F-06A1-42FC-A67B-57129CB03F9A}.Debug|Win32.ActiveCfg = Debug|Win32
		{0B6E487F-06A1-42FC-A67B-57129CB03F9A}.Debug|Win32.Build.0 = Debug|Win32
		{0B6E487F-06A1-42FC-A67B-57129CB03F9A}.Release|Win32.ActiveCfg = Release|Win32
		{0B6E487F-06A1-42FC-A67B-57129CB03F9A}.Release|Win32.Build.0 = Release|Win32
		{8110A091-7B2D-422F-A936-F00160609241}.Debug|Win32.ActiveCfg = Debug|Win32
		{8110A091-7B2D-422F-A936-F00160609241}.Debug|Win32.Build.0 = Debug|Win32
		{8110A091-7B2D-422F-A936-F00160609241}.Release|Win32.ActiveCfg = Release|Win32
		{8110A091-7B2D-422F-A936-F00160609241}.Release|Win32.Build.0 = Release|Win32
		{CC37EE9A-7910-4B08-8042-AA98BB6C8D01}.Debug|Win32.ActiveCfg = Debug|Win32
		{CC37EE9A-7910-4B08-8042-AA98BB6C8D01}.Debug|Win32.Build.0 = Debug|Win32
		{CC37EE9A-7910-4B08-8042-AA98BB6C8D01}.Release|Win32.ActiveCfg = Release|Win32
		{CC37EE9A-7910-4B08-8042-AA98BB6C8D01}.Release|Win32.Build.0 = Release|Win32
		{0A478BAC-60B4-4BCA-8E84-1C810F513EBF}.Debug|Win32.ActiveCfg = Debug|Win32
		{0A478BAC-60B4-4BCA-8E84-1C810F513EBF}.Debug|Win32.Build.0 = Debug|Win32
		{0A478BAC-60B4-4BCA-8E84-1C810F513EBF}.Release|Win32.ActiveCfg = Release|Win32
		{0A478BAC-60B4-4BCA-8E84-1C810F513EBF}.Release|Win32.Build.0 = Release|Win32
		{160858EB-8EA7-4567-B643-87E954B28BFA}.Debug|Win32.ActiveCfg = Debug|Win32
		{160858EB-8EA7-4567-B643-87E954B28BFA}.Debug|Win32.Build.0 = Debug|Win32
		{160858EB-8EA7-4567-B643-87E954B28BFA}.Release|Win32.ActiveCfg = Release|Win32
		{160858EB-8EA7-4567-B643-87E954B28BFA}.Release|Win32.Build.0 = Release|Win32
		{3AA88B11-B9C2-4FF4-8002-772EC27EC597}.Debug|Win32.ActiveCfg = Debug|Win32
		{3AA88B11-B9C2-4FF4-8002-772EC27EC597}.Debug|Win32.Build.0 = Debug|Win32
		{3AA88B11-B9C2-4FF4-8002-772EC27EC597}.Release|Win32.ActiveCfg = Release|Win32
		{3AA88B11-B9C2-4FF4-8002-772EC27EC597}.Release|Win32.Build.0 = Release|Win32
		{39C34A64-BCDA-403F-998E-495026B9FD3F}.Debug|Win32.ActiveCfg = Debug|Win32
		{39C34A64-BCDA-403F-998E-495026B9FD3F}.Debug|Win32.Build.0 = Debug|Win32
		{39C34A64-BCDA-403F-998E-495026B9FD3F}.Release|Win32.ActiveCfg = Release|Win32
		{39C34A64-BCDA-403F-998E-495026B9FD3F}.Release|Win32.Build.0 = Release|Win32
		{C22C0812-BB12-41C8-8E2A-EB7F97BA137E}.Debug|Win32.ActiveCfg = Debug|Win32
		{C22C0812-BB12-41C8-8E2A-EB7F97BA137E}.Debug|Win32.Build.0 = Debug|Win32
		{C22C0812-BB12-41C8-8E2A-EB7F97BA137E}.Release|Win32.ActiveCfg = Release|Win32
		{C22C0812-BB12-41C8-8E2A-EB7F97BA137E}.Release|Win32.Build.0 = Release|Win32
	EndGlobalSection
	GlobalSection(SolutionProperties) = preSolution
		HideSolutionNode = FALSE
	EndGlobalSection
EndGlobal
